{
  "version": 4,
  "terraform_version": "1.0.0",
  "serial": 64,
  "lineage": "1b9400df-17b9-053f-d35a-6bd3e0e363cb",
  "outputs": {},
  "resources": [
    {
      "module": "module.azure-mysql",
      "mode": "managed",
      "type": "azurerm_mysql_flexible_database",
      "name": "mysql_database",
      "provider": "provider[\"registry.terraform.io/hashicorp/azurerm\"]",
      "instances": [
        {
          "schema_version": 0,
          "attributes": {
            "charset": "utf8mb3",
            "collation": "utf8mb3_unicode_ci",
            "id": "/subscriptions/e50a51a9-0285-42d5-8a0e-4506799aae81/resourceGroups/RGP-mylab/providers/Microsoft.DBforMySQL/flexibleServers/mysqlf-mylab/databases/wordpress",
            "name": "wordpress",
            "resource_group_name": "RGP-mylab",
            "server_name": "mysqlf-mylab",
            "timeouts": null
          },
          "sensitive_attributes": [],
          "private": "eyJlMmJmYjczMC1lY2FhLTExZTYtOGY4OC0zNDM2M2JjN2M0YzAiOnsiY3JlYXRlIjozNjAwMDAwMDAwMDAwLCJkZWxldGUiOjM2MDAwMDAwMDAwMDAsInJlYWQiOjMwMDAwMDAwMDAwMCwidXBkYXRlIjozNjAwMDAwMDAwMDAwfX0=",
          "dependencies": [
            "module.azure-mysql.azurerm_mysql_flexible_server.mysql_flexible_server",
            "module.resource_group.azurerm_resource_group.rg"
          ]
        }
      ]
    },
    {
      "module": "module.azure-mysql",
      "mode": "managed",
      "type": "azurerm_mysql_flexible_server",
      "name": "mysql_flexible_server",
      "provider": "provider[\"registry.terraform.io/hashicorp/azurerm\"]",
      "instances": [
        {
          "schema_version": 0,
          "attributes": {
            "administrator_login": "adminsiteswordpress",
            "administrator_password": "\\3@d43210W3Fb",
            "backup_retention_days": 20,
            "create_mode": null,
            "customer_managed_key": [],
            "delegated_subnet_id": "",
            "fqdn": "mysqlf-mylab.mysql.database.azure.com",
            "geo_redundant_backup_enabled": false,
            "high_availability": [
              {
                "mode": "ZoneRedundant",
                "standby_availability_zone": "2"
              }
            ],
            "id": "/subscriptions/e50a51a9-0285-42d5-8a0e-4506799aae81/resourceGroups/RGP-mylab/providers/Microsoft.DBforMySQL/flexibleServers/mysqlf-mylab",
            "identity": [],
            "location": "eastus",
            "maintenance_window": [],
            "name": "mysqlf-mylab",
            "point_in_time_restore_time_in_utc": null,
            "private_dns_zone_id": "",
            "public_network_access_enabled": true,
            "replica_capacity": 10,
            "replication_role": "None",
            "resource_group_name": "RGP-mylab",
            "sku_name": "GP_Standard_D2ds_v4",
            "source_server_id": null,
            "storage": [
              {
                "auto_grow_enabled": true,
                "iops": 360,
                "size_gb": 20
              }
            ],
            "tags": {},
            "timeouts": null,
            "version": "8.0.21",
            "zone": "1"
          },
          "sensitive_attributes": [],
          "private": "eyJlMmJmYjczMC1lY2FhLTExZTYtOGY4OC0zNDM2M2JjN2M0YzAiOnsiY3JlYXRlIjozNjAwMDAwMDAwMDAwLCJkZWxldGUiOjM2MDAwMDAwMDAwMDAsInJlYWQiOjMwMDAwMDAwMDAwMCwidXBkYXRlIjozNjAwMDAwMDAwMDAwfX0=",
          "dependencies": [
            "module.resource_group.azurerm_resource_group.rg"
          ]
        }
      ]
    },
    {
      "module": "module.azure-mysql",
      "mode": "managed",
      "type": "azurerm_mysql_flexible_server_configuration",
      "name": "server_parameters",
      "provider": "provider[\"registry.terraform.io/hashicorp/azurerm\"]",
      "instances": [
        {
          "index_key": 0,
          "schema_version": 0,
          "attributes": {
            "id": "/subscriptions/e50a51a9-0285-42d5-8a0e-4506799aae81/resourceGroups/RGP-mylab/providers/Microsoft.DBforMySQL/flexibleServers/mysqlf-mylab/configurations/require_secure_transport",
            "name": "require_secure_transport",
            "resource_group_name": "RGP-mylab",
            "server_name": "mysqlf-mylab",
            "timeouts": null,
            "value": "OFF"
          },
          "sensitive_attributes": [],
          "private": "eyJlMmJmYjczMC1lY2FhLTExZTYtOGY4OC0zNDM2M2JjN2M0YzAiOnsiY3JlYXRlIjoxODAwMDAwMDAwMDAwLCJkZWxldGUiOjE4MDAwMDAwMDAwMDAsInJlYWQiOjMwMDAwMDAwMDAwMCwidXBkYXRlIjoxODAwMDAwMDAwMDAwfX0=",
          "dependencies": [
            "module.azure-mysql.azurerm_mysql_flexible_server.mysql_flexible_server",
            "module.resource_group.azurerm_resource_group.rg"
          ]
        }
      ]
    },
    {
      "module": "module.azure-mysql",
      "mode": "managed",
      "type": "azurerm_mysql_flexible_server_firewall_rule",
      "name": "mysql_firewall_rule",
      "provider": "provider[\"registry.terraform.io/hashicorp/azurerm\"]",
      "instances": [
        {
          "index_key": 0,
          "schema_version": 0,
          "attributes": {
            "end_ip_address": "20.242.223.232",
            "id": "/subscriptions/e50a51a9-0285-42d5-8a0e-4506799aae81/resourceGroups/RGP-mylab/providers/Microsoft.DBforMySQL/flexibleServers/mysqlf-mylab/firewallRules/vmss_ip",
            "name": "vmss_ip",
            "resource_group_name": "RGP-mylab",
            "server_name": "mysqlf-mylab",
            "start_ip_address": "20.242.223.232",
            "timeouts": null
          },
          "sensitive_attributes": [],
          "private": "eyJlMmJmYjczMC1lY2FhLTExZTYtOGY4OC0zNDM2M2JjN2M0YzAiOnsiY3JlYXRlIjoxODAwMDAwMDAwMDAwLCJkZWxldGUiOjE4MDAwMDAwMDAwMDAsInJlYWQiOjMwMDAwMDAwMDAwMCwidXBkYXRlIjoxODAwMDAwMDAwMDAwfX0=",
          "dependencies": [
            "module.resource_group.azurerm_resource_group.rg",
            "module.storageaccount.azurerm_private_endpoint.private_endpoint",
            "module.storageaccount.azurerm_storage_account.storage_account",
            "module.storageaccount.azurerm_storage_container.container",
            "module.vmss.azurerm_public_ip.vmss",
            "module.azure-mysql.azurerm_mysql_flexible_server.mysql_flexible_server",
            "module.network.azurerm_subnet.subnet",
            "module.network.azurerm_virtual_network.vnet"
          ]
        }
      ]
    },
    {
      "module": "module.network",
      "mode": "managed",
      "type": "azurerm_network_security_group",
      "name": "nsg",
      "provider": "provider[\"registry.terraform.io/hashicorp/azurerm\"]",
      "instances": [
        {
          "index_key": 0,
          "schema_version": 0,
          "attributes": {
            "id": "/subscriptions/e50a51a9-0285-42d5-8a0e-4506799aae81/resourceGroups/RGP-mylab/providers/Microsoft.Network/networkSecurityGroups/nsg-mylab",
            "location": "eastus",
            "name": "nsg-mylab",
            "resource_group_name": "RGP-mylab",
            "security_rule": [
              {
                "access": "Allow",
                "description": "",
                "destination_address_prefix": "*",
                "destination_address_prefixes": [],
                "destination_application_security_group_ids": [],
                "destination_port_range": "80",
                "destination_port_ranges": [],
                "direction": "Inbound",
                "name": "AllowHttp",
                "priority": 100,
                "protocol": "Tcp",
                "source_address_prefix": "AzureFrontDoor.Backend",
                "source_address_prefixes": [],
                "source_application_security_group_ids": [],
                "source_port_range": "*",
                "source_port_ranges": []
              },
              {
                "access": "Allow",
                "description": "",
                "destination_address_prefix": "*",
                "destination_address_prefixes": [],
                "destination_application_security_group_ids": [],
                "destination_port_range": "80",
                "destination_port_ranges": [],
                "direction": "Inbound",
                "name": "AllowHttpVictor",
                "priority": 101,
                "protocol": "Tcp",
                "source_address_prefix": "187.107.71.146",
                "source_address_prefixes": [],
                "source_application_security_group_ids": [],
                "source_port_range": "*",
                "source_port_ranges": []
              }
            ],
            "tags": {},
            "timeouts": null
          },
          "sensitive_attributes": [],
          "private": "eyJlMmJmYjczMC1lY2FhLTExZTYtOGY4OC0zNDM2M2JjN2M0YzAiOnsiY3JlYXRlIjoxODAwMDAwMDAwMDAwLCJkZWxldGUiOjE4MDAwMDAwMDAwMDAsInJlYWQiOjMwMDAwMDAwMDAwMCwidXBkYXRlIjoxODAwMDAwMDAwMDAwfX0=",
          "dependencies": [
            "module.resource_group.azurerm_resource_group.rg"
          ]
        }
      ]
    },
    {
      "module": "module.network",
      "mode": "managed",
      "type": "azurerm_subnet",
      "name": "subnet",
      "provider": "provider[\"registry.terraform.io/hashicorp/azurerm\"]",
      "instances": [
        {
          "schema_version": 0,
          "attributes": {
            "address_prefixes": [
              "10.0.1.0/24"
            ],
            "delegation": [],
            "enforce_private_link_endpoint_network_policies": false,
            "enforce_private_link_service_network_policies": false,
            "id": "/subscriptions/e50a51a9-0285-42d5-8a0e-4506799aae81/resourceGroups/RGP-mylab/providers/Microsoft.Network/virtualNetworks/vnet-mylab/subnets/snt-mylab",
            "name": "snt-mylab",
            "private_endpoint_network_policies_enabled": true,
            "private_link_service_network_policies_enabled": true,
            "resource_group_name": "RGP-mylab",
            "service_endpoint_policy_ids": [],
            "service_endpoints": [
              "Microsoft.Storage"
            ],
            "timeouts": null,
            "virtual_network_name": "vnet-mylab"
          },
          "sensitive_attributes": [],
          "private": "eyJlMmJmYjczMC1lY2FhLTExZTYtOGY4OC0zNDM2M2JjN2M0YzAiOnsiY3JlYXRlIjoxODAwMDAwMDAwMDAwLCJkZWxldGUiOjE4MDAwMDAwMDAwMDAsInJlYWQiOjMwMDAwMDAwMDAwMCwidXBkYXRlIjoxODAwMDAwMDAwMDAwfX0=",
          "dependencies": [
            "module.network.azurerm_virtual_network.vnet",
            "module.resource_group.azurerm_resource_group.rg"
          ]
        }
      ]
    },
    {
      "module": "module.network",
      "mode": "managed",
      "type": "azurerm_virtual_network",
      "name": "vnet",
      "provider": "provider[\"registry.terraform.io/hashicorp/azurerm\"]",
      "instances": [
        {
          "schema_version": 0,
          "attributes": {
            "address_space": [
              "10.0.0.0/16"
            ],
            "bgp_community": "",
            "ddos_protection_plan": [],
            "dns_servers": [],
            "edge_zone": "",
            "flow_timeout_in_minutes": 0,
            "guid": "ba49f487-152d-4a42-83b6-f386a7e7f51d",
            "id": "/subscriptions/e50a51a9-0285-42d5-8a0e-4506799aae81/resourceGroups/RGP-mylab/providers/Microsoft.Network/virtualNetworks/vnet-mylab",
            "location": "eastus",
            "name": "vnet-mylab",
            "resource_group_name": "RGP-mylab",
            "subnet": [
              {
                "address_prefix": "10.0.1.0/24",
                "id": "/subscriptions/e50a51a9-0285-42d5-8a0e-4506799aae81/resourceGroups/RGP-mylab/providers/Microsoft.Network/virtualNetworks/vnet-mylab/subnets/snt-mylab",
                "name": "snt-mylab",
                "security_group": ""
              }
            ],
            "tags": {},
            "timeouts": null
          },
          "sensitive_attributes": [],
          "private": "eyJlMmJmYjczMC1lY2FhLTExZTYtOGY4OC0zNDM2M2JjN2M0YzAiOnsiY3JlYXRlIjoxODAwMDAwMDAwMDAwLCJkZWxldGUiOjE4MDAwMDAwMDAwMDAsInJlYWQiOjMwMDAwMDAwMDAwMCwidXBkYXRlIjoxODAwMDAwMDAwMDAwfX0=",
          "dependencies": [
            "module.resource_group.azurerm_resource_group.rg"
          ]
        }
      ]
    },
    {
      "module": "module.resource_group",
      "mode": "managed",
      "type": "azurerm_resource_group",
      "name": "rg",
      "provider": "provider[\"registry.terraform.io/hashicorp/azurerm\"]",
      "instances": [
        {
          "schema_version": 0,
          "attributes": {
            "id": "/subscriptions/e50a51a9-0285-42d5-8a0e-4506799aae81/resourceGroups/RGP-mylab",
            "location": "eastus",
            "name": "RGP-mylab",
            "tags": {},
            "timeouts": null
          },
          "sensitive_attributes": [],
          "private": "eyJlMmJmYjczMC1lY2FhLTExZTYtOGY4OC0zNDM2M2JjN2M0YzAiOnsiY3JlYXRlIjo1NDAwMDAwMDAwMDAwLCJkZWxldGUiOjU0MDAwMDAwMDAwMDAsInJlYWQiOjMwMDAwMDAwMDAwMCwidXBkYXRlIjo1NDAwMDAwMDAwMDAwfX0="
        }
      ]
    },
    {
      "module": "module.storageaccount",
      "mode": "managed",
      "type": "azurerm_storage_account",
      "name": "storage_account",
      "provider": "provider[\"registry.terraform.io/hashicorp/azurerm\"]",
      "instances": [
        {
          "schema_version": 3,
          "attributes": {
            "access_tier": "Hot",
            "account_kind": "StorageV2",
            "account_replication_type": "ZRS",
            "account_tier": "Standard",
            "allow_nested_items_to_be_public": true,
            "allowed_copy_scope": "",
            "azure_files_authentication": [],
            "blob_properties": [
              {
                "change_feed_enabled": false,
                "change_feed_retention_in_days": 0,
                "container_delete_retention_policy": [],
                "cors_rule": [],
                "default_service_version": "",
                "delete_retention_policy": [],
                "last_access_time_enabled": false,
                "restore_policy": [],
                "versioning_enabled": false
              }
            ],
            "cross_tenant_replication_enabled": true,
            "custom_domain": [],
            "customer_managed_key": [],
            "default_to_oauth_authentication": false,
            "edge_zone": "",
            "enable_https_traffic_only": false,
            "id": "/subscriptions/e50a51a9-0285-42d5-8a0e-4506799aae81/resourceGroups/RGP-mylab/providers/Microsoft.Storage/storageAccounts/samylab",
            "identity": [],
            "immutability_policy": [],
            "infrastructure_encryption_enabled": false,
            "is_hns_enabled": true,
            "large_file_share_enabled": null,
            "location": "eastus",
            "min_tls_version": "TLS1_2",
            "name": "samylab",
            "network_rules": [
              {
                "bypass": [
                  "AzureServices"
                ],
                "default_action": "Deny",
                "ip_rules": [
                  "187.107.71.146"
                ],
                "private_link_access": [],
                "virtual_network_subnet_ids": [
                  "/subscriptions/e50a51a9-0285-42d5-8a0e-4506799aae81/resourceGroups/RGP-mylab/providers/Microsoft.Network/virtualNetworks/vnet-mylab/subnets/snt-mylab"
                ]
              }
            ],
            "nfsv3_enabled": true,
            "primary_access_key": "5wq0ixyRKMKyyIQBCGJIxedckwKQvaXWyLfn0B/+OHzmIdWo+HeQQjHiOAJmdIgEko1eowWhZtlV+AStyxudnw==",
            "primary_blob_connection_string": "DefaultEndpointsProtocol=https;BlobEndpoint=https://samylab.blob.core.windows.net/;AccountName=samylab;AccountKey=5wq0ixyRKMKyyIQBCGJIxedckwKQvaXWyLfn0B/+OHzmIdWo+HeQQjHiOAJmdIgEko1eowWhZtlV+AStyxudnw==",
            "primary_blob_endpoint": "https://samylab.blob.core.windows.net/",
            "primary_blob_host": "samylab.blob.core.windows.net",
            "primary_connection_string": "DefaultEndpointsProtocol=https;AccountName=samylab;AccountKey=5wq0ixyRKMKyyIQBCGJIxedckwKQvaXWyLfn0B/+OHzmIdWo+HeQQjHiOAJmdIgEko1eowWhZtlV+AStyxudnw==;EndpointSuffix=core.windows.net",
            "primary_dfs_endpoint": "https://samylab.dfs.core.windows.net/",
            "primary_dfs_host": "samylab.dfs.core.windows.net",
            "primary_file_endpoint": "https://samylab.file.core.windows.net/",
            "primary_file_host": "samylab.file.core.windows.net",
            "primary_location": "eastus",
            "primary_queue_endpoint": "https://samylab.queue.core.windows.net/",
            "primary_queue_host": "samylab.queue.core.windows.net",
            "primary_table_endpoint": "https://samylab.table.core.windows.net/",
            "primary_table_host": "samylab.table.core.windows.net",
            "primary_web_endpoint": "https://samylab.z13.web.core.windows.net/",
            "primary_web_host": "samylab.z13.web.core.windows.net",
            "public_network_access_enabled": true,
            "queue_encryption_key_type": "Service",
            "queue_properties": [
              {
                "cors_rule": [],
                "hour_metrics": [
                  {
                    "enabled": true,
                    "include_apis": true,
                    "retention_policy_days": 7,
                    "version": "1.0"
                  }
                ],
                "logging": [
                  {
                    "delete": false,
                    "read": false,
                    "retention_policy_days": 0,
                    "version": "1.0",
                    "write": false
                  }
                ],
                "minute_metrics": [
                  {
                    "enabled": false,
                    "include_apis": false,
                    "retention_policy_days": 0,
                    "version": "1.0"
                  }
                ]
              }
            ],
            "resource_group_name": "RGP-mylab",
            "routing": [],
            "sas_policy": [],
            "secondary_access_key": "IJCaiJfxDHHGLehFKpy/if2Ox21cWw8yIli2tG3HobLjvYCBuDkGhfW3rAm8frEcmuW5h4VoF5QX+AStOGUJuA==",
            "secondary_blob_connection_string": "",
            "secondary_blob_endpoint": null,
            "secondary_blob_host": null,
            "secondary_connection_string": "DefaultEndpointsProtocol=https;AccountName=samylab;AccountKey=IJCaiJfxDHHGLehFKpy/if2Ox21cWw8yIli2tG3HobLjvYCBuDkGhfW3rAm8frEcmuW5h4VoF5QX+AStOGUJuA==;EndpointSuffix=core.windows.net",
            "secondary_dfs_endpoint": null,
            "secondary_dfs_host": null,
            "secondary_file_endpoint": null,
            "secondary_file_host": null,
            "secondary_location": "",
            "secondary_queue_endpoint": null,
            "secondary_queue_host": null,
            "secondary_table_endpoint": null,
            "secondary_table_host": null,
            "secondary_web_endpoint": null,
            "secondary_web_host": null,
            "sftp_enabled": false,
            "share_properties": [
              {
                "cors_rule": [],
                "retention_policy": [
                  {
                    "days": 7
                  }
                ],
                "smb": []
              }
            ],
            "shared_access_key_enabled": true,
            "static_website": [],
            "table_encryption_key_type": "Service",
            "tags": {},
            "timeouts": null
          },
          "sensitive_attributes": [],
          "private": "eyJlMmJmYjczMC1lY2FhLTExZTYtOGY4OC0zNDM2M2JjN2M0YzAiOnsiY3JlYXRlIjozNjAwMDAwMDAwMDAwLCJkZWxldGUiOjM2MDAwMDAwMDAwMDAsInJlYWQiOjMwMDAwMDAwMDAwMCwidXBkYXRlIjozNjAwMDAwMDAwMDAwfSwic2NoZW1hX3ZlcnNpb24iOiIzIn0=",
          "dependencies": [
            "module.network.azurerm_subnet.subnet",
            "module.network.azurerm_virtual_network.vnet",
            "module.resource_group.azurerm_resource_group.rg"
          ]
        }
      ]
    },
    {
      "module": "module.storageaccount",
      "mode": "managed",
      "type": "azurerm_storage_container",
      "name": "container",
      "provider": "provider[\"registry.terraform.io/hashicorp/azurerm\"]",
      "instances": [
        {
          "index_key": 0,
          "schema_version": 1,
          "attributes": {
            "container_access_type": "private",
            "has_immutability_policy": false,
            "has_legal_hold": false,
            "id": "https://samylab.blob.core.windows.net/wordpress-content",
            "metadata": {},
            "name": "wordpress-content",
            "resource_manager_id": "/subscriptions/e50a51a9-0285-42d5-8a0e-4506799aae81/resourceGroups/RGP-mylab/providers/Microsoft.Storage/storageAccounts/samylab/blobServices/default/containers/wordpress-content",
            "storage_account_name": "samylab",
            "timeouts": null
          },
          "sensitive_attributes": [],
          "private": "eyJlMmJmYjczMC1lY2FhLTExZTYtOGY4OC0zNDM2M2JjN2M0YzAiOnsiY3JlYXRlIjoxODAwMDAwMDAwMDAwLCJkZWxldGUiOjE4MDAwMDAwMDAwMDAsInJlYWQiOjMwMDAwMDAwMDAwMCwidXBkYXRlIjoxODAwMDAwMDAwMDAwfSwic2NoZW1hX3ZlcnNpb24iOiIxIn0=",
          "dependencies": [
            "module.network.azurerm_subnet.subnet",
            "module.network.azurerm_virtual_network.vnet",
            "module.resource_group.azurerm_resource_group.rg",
            "module.storageaccount.azurerm_storage_account.storage_account"
          ]
        },
        {
          "index_key": 1,
          "schema_version": 1,
          "attributes": {
            "container_access_type": "private",
            "has_immutability_policy": false,
            "has_legal_hold": false,
            "id": "https://samylab.blob.core.windows.net/wordpress-content-bkp-weekly",
            "metadata": {},
            "name": "wordpress-content-bkp-weekly",
            "resource_manager_id": "/subscriptions/e50a51a9-0285-42d5-8a0e-4506799aae81/resourceGroups/RGP-mylab/providers/Microsoft.Storage/storageAccounts/samylab/blobServices/default/containers/wordpress-content-bkp-weekly",
            "storage_account_name": "samylab",
            "timeouts": null
          },
          "sensitive_attributes": [],
          "private": "eyJlMmJmYjczMC1lY2FhLTExZTYtOGY4OC0zNDM2M2JjN2M0YzAiOnsiY3JlYXRlIjoxODAwMDAwMDAwMDAwLCJkZWxldGUiOjE4MDAwMDAwMDAwMDAsInJlYWQiOjMwMDAwMDAwMDAwMCwidXBkYXRlIjoxODAwMDAwMDAwMDAwfSwic2NoZW1hX3ZlcnNpb24iOiIxIn0=",
          "dependencies": [
            "module.network.azurerm_subnet.subnet",
            "module.network.azurerm_virtual_network.vnet",
            "module.resource_group.azurerm_resource_group.rg",
            "module.storageaccount.azurerm_storage_account.storage_account"
          ]
        },
        {
          "index_key": 2,
          "schema_version": 1,
          "attributes": {
            "container_access_type": "private",
            "has_immutability_policy": false,
            "has_legal_hold": false,
            "id": "https://samylab.blob.core.windows.net/wordpress-content-bkp-monthly",
            "metadata": {},
            "name": "wordpress-content-bkp-monthly",
            "resource_manager_id": "/subscriptions/e50a51a9-0285-42d5-8a0e-4506799aae81/resourceGroups/RGP-mylab/providers/Microsoft.Storage/storageAccounts/samylab/blobServices/default/containers/wordpress-content-bkp-monthly",
            "storage_account_name": "samylab",
            "timeouts": null
          },
          "sensitive_attributes": [],
          "private": "eyJlMmJmYjczMC1lY2FhLTExZTYtOGY4OC0zNDM2M2JjN2M0YzAiOnsiY3JlYXRlIjoxODAwMDAwMDAwMDAwLCJkZWxldGUiOjE4MDAwMDAwMDAwMDAsInJlYWQiOjMwMDAwMDAwMDAwMCwidXBkYXRlIjoxODAwMDAwMDAwMDAwfSwic2NoZW1hX3ZlcnNpb24iOiIxIn0=",
          "dependencies": [
            "module.storageaccount.azurerm_storage_account.storage_account",
            "module.network.azurerm_subnet.subnet",
            "module.network.azurerm_virtual_network.vnet",
            "module.resource_group.azurerm_resource_group.rg"
          ]
        }
      ]
    },
    {
      "module": "module.vmss",
      "mode": "managed",
      "type": "azurerm_lb",
      "name": "vmss",
      "provider": "provider[\"registry.terraform.io/hashicorp/azurerm\"]",
      "instances": [
        {
          "schema_version": 0,
          "attributes": {
            "edge_zone": "",
            "frontend_ip_configuration": [
              {
                "gateway_load_balancer_frontend_ip_configuration_id": "",
                "id": "/subscriptions/e50a51a9-0285-42d5-8a0e-4506799aae81/resourceGroups/RGP-mylab/providers/Microsoft.Network/loadBalancers/lb-vmss-mylab/frontendIPConfigurations/PublicIPAddress",
                "inbound_nat_rules": [],
                "load_balancer_rules": [
                  "/subscriptions/e50a51a9-0285-42d5-8a0e-4506799aae81/resourceGroups/RGP-mylab/providers/Microsoft.Network/loadBalancers/lb-vmss-mylab/loadBalancingRules/http"
                ],
                "name": "PublicIPAddress",
                "outbound_rules": [],
                "private_ip_address": "",
                "private_ip_address_allocation": "Dynamic",
                "private_ip_address_version": "",
                "public_ip_address_id": "/subscriptions/e50a51a9-0285-42d5-8a0e-4506799aae81/resourceGroups/RGP-mylab/providers/Microsoft.Network/publicIPAddresses/pip-vmss-mylab",
                "public_ip_prefix_id": "",
                "subnet_id": "",
                "zones": []
              }
            ],
            "id": "/subscriptions/e50a51a9-0285-42d5-8a0e-4506799aae81/resourceGroups/RGP-mylab/providers/Microsoft.Network/loadBalancers/lb-vmss-mylab",
            "location": "eastus",
            "name": "lb-vmss-mylab",
            "private_ip_address": "",
            "private_ip_addresses": [],
            "resource_group_name": "RGP-mylab",
            "sku": "Standard",
            "sku_tier": "Regional",
            "tags": {},
            "timeouts": null
          },
          "sensitive_attributes": [],
          "private": "eyJlMmJmYjczMC1lY2FhLTExZTYtOGY4OC0zNDM2M2JjN2M0YzAiOnsiY3JlYXRlIjoxODAwMDAwMDAwMDAwLCJkZWxldGUiOjE4MDAwMDAwMDAwMDAsInJlYWQiOjMwMDAwMDAwMDAwMCwidXBkYXRlIjoxODAwMDAwMDAwMDAwfX0=",
          "dependencies": [
            "module.storageaccount.azurerm_storage_account.storage_account",
            "module.storageaccount.azurerm_storage_container.container",
            "module.vmss.azurerm_public_ip.vmss",
            "module.network.azurerm_subnet.subnet",
            "module.network.azurerm_virtual_network.vnet",
            "module.resource_group.azurerm_resource_group.rg",
            "module.storageaccount.azurerm_private_endpoint.private_endpoint"
          ]
        }
      ]
    },
    {
      "module": "module.vmss",
      "mode": "managed",
      "type": "azurerm_lb_backend_address_pool",
      "name": "bpepool",
      "provider": "provider[\"registry.terraform.io/hashicorp/azurerm\"]",
      "instances": [
        {
          "schema_version": 0,
          "attributes": {
            "backend_ip_configurations": [
              "/subscriptions/e50a51a9-0285-42d5-8a0e-4506799aae81/resourceGroups/RGP-mylab/providers/Microsoft.Compute/virtualMachineScaleSets/vmss-mylab/virtualMachines/0/networkInterfaces/vmss-mylab/ipConfigurations/vmss-mylab"
            ],
            "id": "/subscriptions/e50a51a9-0285-42d5-8a0e-4506799aae81/resourceGroups/RGP-mylab/providers/Microsoft.Network/loadBalancers/lb-vmss-mylab/backendAddressPools/BackEndAddressPool",
            "inbound_nat_rules": [],
            "load_balancing_rules": [
              "/subscriptions/e50a51a9-0285-42d5-8a0e-4506799aae81/resourceGroups/RGP-mylab/providers/Microsoft.Network/loadBalancers/lb-vmss-mylab/loadBalancingRules/http"
            ],
            "loadbalancer_id": "/subscriptions/e50a51a9-0285-42d5-8a0e-4506799aae81/resourceGroups/RGP-mylab/providers/Microsoft.Network/loadBalancers/lb-vmss-mylab",
            "name": "BackEndAddressPool",
            "outbound_rules": [],
            "timeouts": null,
            "tunnel_interface": [],
            "virtual_network_id": ""
          },
          "sensitive_attributes": [],
          "private": "eyJlMmJmYjczMC1lY2FhLTExZTYtOGY4OC0zNDM2M2JjN2M0YzAiOnsiY3JlYXRlIjoxODAwMDAwMDAwMDAwLCJkZWxldGUiOjE4MDAwMDAwMDAwMDAsInJlYWQiOjMwMDAwMDAwMDAwMCwidXBkYXRlIjoxODAwMDAwMDAwMDAwfX0=",
          "dependencies": [
            "module.network.azurerm_subnet.subnet",
            "module.network.azurerm_virtual_network.vnet",
            "module.resource_group.azurerm_resource_group.rg",
            "module.storageaccount.azurerm_private_endpoint.private_endpoint",
            "module.storageaccount.azurerm_storage_account.storage_account",
            "module.storageaccount.azurerm_storage_container.container",
            "module.vmss.azurerm_lb.vmss",
            "module.vmss.azurerm_public_ip.vmss"
          ]
        }
      ]
    },
    {
      "module": "module.vmss",
      "mode": "managed",
      "type": "azurerm_lb_probe",
      "name": "vmss",
      "provider": "provider[\"registry.terraform.io/hashicorp/azurerm\"]",
      "instances": [
        {
          "schema_version": 0,
          "attributes": {
            "id": "/subscriptions/e50a51a9-0285-42d5-8a0e-4506799aae81/resourceGroups/RGP-mylab/providers/Microsoft.Network/loadBalancers/lb-vmss-mylab/probes/running-probe",
            "interval_in_seconds": 15,
            "load_balancer_rules": [
              "/subscriptions/e50a51a9-0285-42d5-8a0e-4506799aae81/resourceGroups/RGP-mylab/providers/Microsoft.Network/loadBalancers/lb-vmss-mylab/loadBalancingRules/http"
            ],
            "loadbalancer_id": "/subscriptions/e50a51a9-0285-42d5-8a0e-4506799aae81/resourceGroups/RGP-mylab/providers/Microsoft.Network/loadBalancers/lb-vmss-mylab",
            "name": "running-probe",
            "number_of_probes": 2,
            "port": 80,
            "probe_threshold": 1,
            "protocol": "Tcp",
            "request_path": "",
            "timeouts": null
          },
          "sensitive_attributes": [],
          "private": "eyJlMmJmYjczMC1lY2FhLTExZTYtOGY4OC0zNDM2M2JjN2M0YzAiOnsiY3JlYXRlIjoxODAwMDAwMDAwMDAwLCJkZWxldGUiOjE4MDAwMDAwMDAwMDAsInJlYWQiOjMwMDAwMDAwMDAwMCwidXBkYXRlIjoxODAwMDAwMDAwMDAwfX0=",
          "dependencies": [
            "module.network.azurerm_virtual_network.vnet",
            "module.resource_group.azurerm_resource_group.rg",
            "module.storageaccount.azurerm_private_endpoint.private_endpoint",
            "module.storageaccount.azurerm_storage_account.storage_account",
            "module.storageaccount.azurerm_storage_container.container",
            "module.vmss.azurerm_lb.vmss",
            "module.vmss.azurerm_public_ip.vmss",
            "module.network.azurerm_subnet.subnet"
          ]
        }
      ]
    },
    {
      "module": "module.vmss",
      "mode": "managed",
      "type": "azurerm_lb_rule",
      "name": "lbnatrule",
      "provider": "provider[\"registry.terraform.io/hashicorp/azurerm\"]",
      "instances": [
        {
          "schema_version": 0,
          "attributes": {
            "backend_address_pool_ids": [
              "/subscriptions/e50a51a9-0285-42d5-8a0e-4506799aae81/resourceGroups/RGP-mylab/providers/Microsoft.Network/loadBalancers/lb-vmss-mylab/backendAddressPools/BackEndAddressPool"
            ],
            "backend_port": 80,
            "disable_outbound_snat": false,
            "enable_floating_ip": false,
            "enable_tcp_reset": false,
            "frontend_ip_configuration_id": "/subscriptions/e50a51a9-0285-42d5-8a0e-4506799aae81/resourceGroups/RGP-mylab/providers/Microsoft.Network/loadBalancers/lb-vmss-mylab/frontendIPConfigurations/PublicIPAddress",
            "frontend_ip_configuration_name": "PublicIPAddress",
            "frontend_port": 80,
            "id": "/subscriptions/e50a51a9-0285-42d5-8a0e-4506799aae81/resourceGroups/RGP-mylab/providers/Microsoft.Network/loadBalancers/lb-vmss-mylab/loadBalancingRules/http",
            "idle_timeout_in_minutes": 4,
            "load_distribution": "Default",
            "loadbalancer_id": "/subscriptions/e50a51a9-0285-42d5-8a0e-4506799aae81/resourceGroups/RGP-mylab/providers/Microsoft.Network/loadBalancers/lb-vmss-mylab",
            "name": "http",
            "probe_id": "/subscriptions/e50a51a9-0285-42d5-8a0e-4506799aae81/resourceGroups/RGP-mylab/providers/Microsoft.Network/loadBalancers/lb-vmss-mylab/probes/running-probe",
            "protocol": "Tcp",
            "timeouts": null
          },
          "sensitive_attributes": [],
          "private": "eyJlMmJmYjczMC1lY2FhLTExZTYtOGY4OC0zNDM2M2JjN2M0YzAiOnsiY3JlYXRlIjoxODAwMDAwMDAwMDAwLCJkZWxldGUiOjE4MDAwMDAwMDAwMDAsInJlYWQiOjMwMDAwMDAwMDAwMCwidXBkYXRlIjoxODAwMDAwMDAwMDAwfX0=",
          "dependencies": [
            "module.vmss.azurerm_lb.vmss",
            "module.vmss.azurerm_lb_backend_address_pool.bpepool",
            "module.vmss.azurerm_lb_probe.vmss",
            "module.storageaccount.azurerm_storage_container.container",
            "module.vmss.azurerm_public_ip.vmss",
            "module.network.azurerm_subnet.subnet",
            "module.network.azurerm_virtual_network.vnet",
            "module.resource_group.azurerm_resource_group.rg",
            "module.storageaccount.azurerm_private_endpoint.private_endpoint",
            "module.storageaccount.azurerm_storage_account.storage_account"
          ]
        }
      ]
    },
    {
      "module": "module.vmss",
      "mode": "managed",
      "type": "azurerm_linux_virtual_machine_scale_set",
      "name": "vmss",
      "provider": "provider[\"registry.terraform.io/hashicorp/azurerm\"]",
      "instances": [
        {
          "schema_version": 0,
          "attributes": {
            "additional_capabilities": [],
            "admin_password": null,
            "admin_ssh_key": [
              {
                "public_key": "ssh-rsa AAAAB3NzaC1yc2EAAAADAQABAAABgQCvQRluXF3TIK00twfnhL1dIS263+JUKXEFh6jV1xuVUFqZMKKyCEoxg+7B1juiUBLETRb1CWcoLMPYZDjyyEheC6LM5rAH2PIBYxujzNx6b82h+NEMEI5mF45HE+NPsnDdOwBTMYFYt0jGOG9/Z5Eqkv0EL5kBX75cvAbATBIVfA8Zocny9mIP/tAFjNQ8hqc+rYnjfrH8ex+p8fREofPARNC7VTPICM7+/ia2h6H/XqFvSxJm7x3pMKbYsbjjduuUIpGK5GzDBKxz+NOZCYHIAwJk1VYa/K/2ZVzqjpTQQapnJ+9GmJHuyuq4qYB/ACPphqInZRjvwG74qEVv9GzvTDH7RmZHj7f2v/XrQ6iA7iB+eJesm5OlJLn29YLwEsOWzgmPIIzkvvF9nviCPxK2zjx0nnJ9/wOEJkxSsT97BhUWWZNnyjgIRMyWQxhPvyQVv1OAeXqJdrLlRO1uC800KSOL/+LHDA5KFRq+0snk5L+P4/sssb9wnhPPBRoi2Is=",
                "username": "digimalls"
              }
            ],
            "admin_username": "digimalls",
            "automatic_instance_repair": [
              {
                "enabled": true,
                "grace_period": "PT30M"
              }
            ],
            "automatic_os_upgrade_policy": [],
            "boot_diagnostics": [],
            "capacity_reservation_group_id": "",
            "computer_name_prefix": "vmss-mylab",
            "custom_data": "IyEvYmluL2Jhc2gKZXhwb3J0IEhPTUU9Ii9yb290IgpleHBvcnQgV1BfSU5TVEFMTF9QQVRIPSIvdmFyL3d3dy9odG1sIgpleHBvcnQgV1BfQlJNQUxMU19USEVNRT0iJFdQX0lOU1RBTExfUEFUSC93cC1jb250ZW50L3RoZW1lcy9icm1fc2hvcHBpbmciCmV4cG9ydCBXUF9JTlNUQUxMX0xPQ0tfRklMRT0iL3RtcC93cF9pbnN0YWxsLmxvY2siCiNNb3VudCBuZnMgc2hhcmUKbWtkaXIgLXAgL3Zhci93d3cvaHRtbAoKI05GUwphcHQtZ2V0IC15IHVwZGF0ZQpzbGVlcCAzMAphcHQtZ2V0IGluc3RhbGwgbmZzLWNvbW1vbiAteQoKYmFzaCAtYyAnZWNobyAic2FteWxhYi5ibG9iLmNvcmUud2luZG93cy5uZXQ6L3NhbXlsYWIvd29yZHByZXNzLWNvbnRlbnQgL3Zhci93d3cvaHRtbCBuZnMgc2VjPXN5cyx2ZXJzPTMsbm9sb2NrLHByb3RvPXRjcCIgPj4gL2V0Yy9mc3RhYicKbW91bnQgLWEKCiMgSW5zdGFsbCB3b3JkcHJlc3MgaWYgbm90IGFscmVhZHkgaW5zdGFsbGVkCmlmIFsgLXogIiQobHMgLUEgJFdQX0lOU1RBTExfUEFUSCkiIF07IHRoZW4KICBlY2hvICJXb3JkcHJlc3MgaW5zdGFsbGF0aW9uIGRpcmVjdG9yeSBpcyBlbXB0eS4gSW5zdGFsbGluZyBpdCBub3ciCiAgaWYgWyAtZiAiJFdQX0lOU1RBTExfTE9DS19GSUxFIiBdOyB0aGVuIAogICAgZWNobyAiTG9jayBmaWxlIGFscmVhZHkgZXhpc3RzIgogIGVsc2UKICAgIGVjaG8gIkxvY2sgZmlsZSBkb2VzIG5vdCBleGlzdC4gUHJvY2VlZGluZyB3aXRoIGluc3RhbGxhdGlvbiIgCiAgICB0b3VjaCAiJFdQX0lOU1RBTExfTE9DS19GSUxFIgogICAgd2dldCBodHRwOi8vd29yZHByZXNzLm9yZy9sYXRlc3QudGFyLmd6CiAgICB0YXIgeHZmIGxhdGVzdC50YXIuZ3ogLUMgJFdQX0lOU1RBTExfUEFUSCAtLXN0cmlwLWNvbXBvbmVudHM9MQogICAgcm0gIiRXUF9JTlNUQUxMX0xPQ0tfRklMRSIKICBmaSAKZWxzZQogICBlY2hvICJXb3JkcHJlc3MgaW5zdGFsbGF0aW9uIGRpcmVjdG9yeSBpcyBub3QgZW1wdHkuIHNraXBwaW5nLi4uIgpmaQoKI2luc3RhbGwgcGhwIGFuZCBjb21wb3NlcgoKYXB0IGluc3RhbGwgcGhwOC4xLWZwbSBwaHA4LjEtY2xpIHBocDguMS1jb21tb24gcGhwOC4xLW1ic3RyaW5nIHBocDguMS14bWxycGMgcGhwOC4xLXNvYXAgcGhwOC4xLWdkIHBocDguMS14bWwgcGhwOC4xLWludGwgcGhwOC4xLW15c3FsIHBocDguMS1jbGkgcGhwOC4xLWxkYXAgcGhwOC4xLXppcCBwaHA4LjEtY3VybCBwaHA4LjEtb3BjYWNoZSBwaHA4LjEtcmVhZGxpbmUgcGhwOC4xLXhtbCBwaHA4LjEtZ2QgcGhwOC4xLWltYWdpY2sgLXkKCnBocCAtciAiY29weSgnaHR0cHM6Ly9nZXRjb21wb3Nlci5vcmcvaW5zdGFsbGVyJywgJ2NvbXBvc2VyLXNldHVwLnBocCcpOyIKcGhwIC1yICJpZiAoaGFzaF9maWxlKCdzaGEzODQnLCAnY29tcG9zZXItc2V0dXAucGhwJykgPT09ICc1NWNlMzNkNzY3OGM1YTYxMTA4NTU4OWYxZjNkZGY4YjNjNTJkNjYyY2QwMWQ0YmE3NWMwZWUwNDU5OTcwYzIyMDBhNTFmNDkyZDU1NzUzMGM3MWMxNWQ4ZGJhMDFlYWUnKSB7IGVjaG8gJ0luc3RhbGxlciB2ZXJpZmllZCc7IH0gZWxzZSB7IGVjaG8gJ0luc3RhbGxlciBjb3JydXB0JzsgdW5saW5rKCdjb21wb3Nlci1zZXR1cC5waHAnKTsgfSBlY2hvIFBIUF9FT0w7IgpwaHAgY29tcG9zZXItc2V0dXAucGhwCnBocCAtciAidW5saW5rKCdjb21wb3Nlci1zZXR1cC5waHAnKTsiCm12IGNvbXBvc2VyLnBoYXIgL3Vzci9sb2NhbC9iaW4vY29tcG9zZXIKCmlmIFsgLWQgIiRXUF9CUk1BTExTX1RIRU1FIiBdOyB0aGVuCiAgY2QgJFdQX0JSTUFMTFNfVEhFTUUKICBjb21wb3NlciBpbnN0YWxsIC1uCmZpCgojSW5zdGFsbCBhbmQgY29uZmlndXJlIGFwYWNoZQphcHQgaW5zdGFsbCAteSBhcGFjaGUyIGxpYmFwYWNoZTItbW9kLXBocAoKYTJlbm1vZCByZXdyaXRlCmNhdCA8PEVPRiA+PiAvZXRjL2FwYWNoZTIvYXBhY2hlMi5jb25mCjxEaXJlY3RvcnkgL3Zhci93d3cvaHRtbC8+CiAgICAgICAgQWxsb3dPdmVycmlkZSBBbGwKPC9EaXJlY3Rvcnk+CkVPRgpjaG93biAtUiB3d3ctZGF0YTp3d3ctZGF0YSAvdmFyL3d3dy9odG1sCnN5c3RlbWN0bCBlbmFibGUgYXBhY2hlMgpzeXN0ZW1jdGwgcmVzdGFydCBhcGFjaGUyCgojIFJlc3RhcnQgYWdlbnQgdG8gcmVtb3RlbHkgZXhlY3V0ZSBjb21tYW5kcwpzeXN0ZW1jdGwgcmVzdGFydCB3YWxpbnV4YWdlbnQ=",
            "data_disk": [],
            "disable_password_authentication": true,
            "do_not_run_extensions_on_overprovisioned_machines": false,
            "edge_zone": "",
            "encryption_at_host_enabled": false,
            "eviction_policy": "",
            "extension": [],
            "extension_operations_enabled": true,
            "extensions_time_budget": "PT1H30M",
            "gallery_application": [],
            "gallery_applications": [],
            "health_probe_id": "/subscriptions/e50a51a9-0285-42d5-8a0e-4506799aae81/resourceGroups/RGP-mylab/providers/Microsoft.Network/loadBalancers/lb-vmss-mylab/probes/running-probe",
            "host_group_id": null,
            "id": "/subscriptions/e50a51a9-0285-42d5-8a0e-4506799aae81/resourceGroups/RGP-mylab/providers/Microsoft.Compute/virtualMachineScaleSets/vmss-mylab",
            "identity": [],
            "instances": 1,
            "location": "eastus",
            "max_bid_price": -1,
            "name": "vmss-mylab",
            "network_interface": [
              {
                "dns_servers": [],
                "enable_accelerated_networking": false,
                "enable_ip_forwarding": false,
                "ip_configuration": [
                  {
                    "application_gateway_backend_address_pool_ids": [],
                    "application_security_group_ids": [],
                    "load_balancer_backend_address_pool_ids": [
                      "/subscriptions/e50a51a9-0285-42d5-8a0e-4506799aae81/resourceGroups/RGP-mylab/providers/Microsoft.Network/loadBalancers/lb-vmss-mylab/backendAddressPools/BackEndAddressPool"
                    ],
                    "load_balancer_inbound_nat_rules_ids": [],
                    "name": "vmss-mylab",
                    "primary": true,
                    "public_ip_address": [],
                    "subnet_id": "/subscriptions/e50a51a9-0285-42d5-8a0e-4506799aae81/resourceGroups/RGP-mylab/providers/Microsoft.Network/virtualNetworks/vnet-mylab/subnets/snt-mylab",
                    "version": "IPv4"
                  }
                ],
                "name": "vmss-mylab",
                "network_security_group_id": "/subscriptions/e50a51a9-0285-42d5-8a0e-4506799aae81/resourceGroups/RGP-mylab/providers/Microsoft.Network/networkSecurityGroups/nsg-mylab",
                "primary": true
              }
            ],
            "os_disk": [
              {
                "caching": "ReadWrite",
                "diff_disk_settings": [],
                "disk_encryption_set_id": "",
                "disk_size_gb": 30,
                "secure_vm_disk_encryption_set_id": "",
                "security_encryption_type": "",
                "storage_account_type": "StandardSSD_LRS",
                "write_accelerator_enabled": false
              }
            ],
            "overprovision": true,
            "plan": [],
            "platform_fault_domain_count": 5,
            "priority": "Regular",
            "provision_vm_agent": true,
            "proximity_placement_group_id": "",
            "resource_group_name": "RGP-mylab",
            "rolling_upgrade_policy": [
              {
                "cross_zone_upgrades_enabled": false,
                "max_batch_instance_percent": 50,
                "max_unhealthy_instance_percent": 50,
                "max_unhealthy_upgraded_instance_percent": 50,
                "pause_time_between_batches": "PT10M",
                "prioritize_unhealthy_instances_enabled": false
              }
            ],
            "scale_in": [
              {
                "force_deletion_enabled": false,
                "rule": "Default"
              }
            ],
            "scale_in_policy": "Default",
            "secret": [],
            "secure_boot_enabled": false,
            "single_placement_group": true,
            "sku": "Standard_B2s",
            "source_image_id": "",
            "source_image_reference": [
              {
                "offer": "0001-com-ubuntu-server-jammy",
                "publisher": "Canonical",
                "sku": "22_04-lts-gen2",
                "version": "latest"
              }
            ],
            "spot_restore": [],
            "tags": {},
            "terminate_notification": [],
            "termination_notification": [],
            "timeouts": null,
            "unique_id": "dda805c7-d88c-4b08-8875-dba595ebf1af",
            "upgrade_mode": "Rolling",
            "user_data": "",
            "vtpm_enabled": false,
            "zone_balance": false,
            "zones": [
              "1",
              "2",
              "3"
            ]
          },
          "sensitive_attributes": [],
          "private": "eyJlMmJmYjczMC1lY2FhLTExZTYtOGY4OC0zNDM2M2JjN2M0YzAiOnsiY3JlYXRlIjozNjAwMDAwMDAwMDAwLCJkZWxldGUiOjM2MDAwMDAwMDAwMDAsInJlYWQiOjMwMDAwMDAwMDAwMCwidXBkYXRlIjozNjAwMDAwMDAwMDAwfX0=",
          "dependencies": [
            "module.network.azurerm_network_security_group.nsg",
            "module.network.azurerm_subnet.subnet",
            "module.resource_group.azurerm_resource_group.rg",
            "module.storageaccount.azurerm_private_endpoint.private_endpoint",
            "module.storageaccount.azurerm_storage_account.storage_account",
            "module.storageaccount.azurerm_storage_container.container",
            "module.vmss.azurerm_lb_backend_address_pool.bpepool",
            "module.vmss.azurerm_lb_probe.vmss"
          ]
        }
      ]
    },
    {
      "module": "module.vmss",
      "mode": "managed",
      "type": "azurerm_monitor_autoscale_setting",
      "name": "vmss_autoscale",
      "provider": "provider[\"registry.terraform.io/hashicorp/azurerm\"]",
      "instances": [
        {
          "index_key": 0,
          "schema_version": 2,
          "attributes": {
            "enabled": true,
            "id": "/subscriptions/e50a51a9-0285-42d5-8a0e-4506799aae81/resourceGroups/RGP-mylab/providers/Microsoft.Insights/autoScaleSettings/vmss-mylab",
            "location": "eastus",
            "name": "vmss-mylab",
            "notification": [
              {
                "email": [
                  {
                    "custom_emails": [],
                    "send_to_subscription_administrator": false,
                    "send_to_subscription_co_administrator": false
                  }
                ],
                "webhook": []
              }
            ],
            "profile": [
              {
                "capacity": [
                  {
                    "default": 1,
                    "maximum": 1,
                    "minimum": 1
                  }
                ],
                "fixed_date": [],
                "name": "defaultProfile",
                "recurrence": [],
                "rule": [
                  {
                    "metric_trigger": [
                      {
                        "dimensions": [],
                        "divide_by_instance_count": false,
                        "metric_name": "Percentage CPU",
                        "metric_namespace": "microsoft.compute/virtualmachinescalesets",
                        "metric_resource_id": "/subscriptions/e50a51a9-0285-42d5-8a0e-4506799aae81/resourceGroups/RGP-mylab/providers/Microsoft.Compute/virtualMachineScaleSets/vmss-mylab",
                        "operator": "GreaterThan",
                        "statistic": "Average",
                        "threshold": 75,
                        "time_aggregation": "Average",
                        "time_grain": "PT1M",
                        "time_window": "PT5M"
                      }
                    ],
                    "scale_action": [
                      {
                        "cooldown": "PT15M",
                        "direction": "Increase",
                        "type": "ChangeCount",
                        "value": 1
                      }
                    ]
                  },
                  {
                    "metric_trigger": [
                      {
                        "dimensions": [],
                        "divide_by_instance_count": false,
                        "metric_name": "Percentage CPU",
                        "metric_namespace": "microsoft.compute/virtualmachinescalesets",
                        "metric_resource_id": "/subscriptions/e50a51a9-0285-42d5-8a0e-4506799aae81/resourceGroups/RGP-mylab/providers/Microsoft.Compute/virtualMachineScaleSets/vmss-mylab",
                        "operator": "LessThan",
                        "statistic": "Average",
                        "threshold": 30,
                        "time_aggregation": "Average",
                        "time_grain": "PT1M",
                        "time_window": "PT20M"
                      }
                    ],
                    "scale_action": [
                      {
                        "cooldown": "PT15M",
                        "direction": "Decrease",
                        "type": "ChangeCount",
                        "value": 1
                      }
                    ]
                  }
                ]
              }
            ],
            "resource_group_name": "RGP-mylab",
            "tags": {},
            "target_resource_id": "/subscriptions/e50a51a9-0285-42d5-8a0e-4506799aae81/resourceGroups/RGP-mylab/providers/Microsoft.Compute/virtualMachineScaleSets/vmss-mylab",
            "timeouts": null
          },
          "sensitive_attributes": [],
          "private": "eyJlMmJmYjczMC1lY2FhLTExZTYtOGY4OC0zNDM2M2JjN2M0YzAiOnsiY3JlYXRlIjoxODAwMDAwMDAwMDAwLCJkZWxldGUiOjE4MDAwMDAwMDAwMDAsInJlYWQiOjMwMDAwMDAwMDAwMCwidXBkYXRlIjoxODAwMDAwMDAwMDAwfSwic2NoZW1hX3ZlcnNpb24iOiIyIn0=",
          "dependencies": [
            "module.network.azurerm_subnet.subnet",
            "module.resource_group.azurerm_resource_group.rg",
            "module.storageaccount.azurerm_storage_container.container",
            "module.vmss.azurerm_lb.vmss",
            "module.vmss.azurerm_lb_probe.vmss",
            "module.vmss.azurerm_public_ip.vmss",
            "module.network.azurerm_network_security_group.nsg",
            "module.network.azurerm_virtual_network.vnet",
            "module.storageaccount.azurerm_private_endpoint.private_endpoint",
            "module.storageaccount.azurerm_storage_account.storage_account",
            "module.vmss.azurerm_lb_backend_address_pool.bpepool",
            "module.vmss.azurerm_linux_virtual_machine_scale_set.vmss"
          ]
        }
      ]
    },
    {
      "module": "module.vmss",
      "mode": "managed",
      "type": "azurerm_public_ip",
      "name": "vmss",
      "provider": "provider[\"registry.terraform.io/hashicorp/azurerm\"]",
      "instances": [
        {
          "schema_version": 0,
          "attributes": {
            "allocation_method": "Static",
            "ddos_protection_mode": "VirtualNetworkInherited",
            "ddos_protection_plan_id": null,
            "domain_name_label": null,
            "edge_zone": "",
            "fqdn": null,
            "id": "/subscriptions/e50a51a9-0285-42d5-8a0e-4506799aae81/resourceGroups/RGP-mylab/providers/Microsoft.Network/publicIPAddresses/pip-vmss-mylab",
            "idle_timeout_in_minutes": 4,
            "ip_address": "20.242.223.232",
            "ip_tags": {},
            "ip_version": "IPv4",
            "location": "eastus",
            "name": "pip-vmss-mylab",
            "public_ip_prefix_id": null,
            "resource_group_name": "RGP-mylab",
            "reverse_fqdn": null,
            "sku": "Standard",
            "sku_tier": "Regional",
            "tags": {},
            "timeouts": null,
            "zones": [
              "1",
              "2",
              "3"
            ]
          },
          "sensitive_attributes": [],
          "private": "eyJlMmJmYjczMC1lY2FhLTExZTYtOGY4OC0zNDM2M2JjN2M0YzAiOnsiY3JlYXRlIjoxODAwMDAwMDAwMDAwLCJkZWxldGUiOjE4MDAwMDAwMDAwMDAsInJlYWQiOjMwMDAwMDAwMDAwMCwidXBkYXRlIjoxODAwMDAwMDAwMDAwfX0=",
          "dependencies": [
            "module.storageaccount.azurerm_storage_container.container",
            "module.network.azurerm_subnet.subnet",
            "module.network.azurerm_virtual_network.vnet",
            "module.resource_group.azurerm_resource_group.rg",
            "module.storageaccount.azurerm_private_endpoint.private_endpoint",
            "module.storageaccount.azurerm_storage_account.storage_account"
          ]
        }
      ]
    }
  ]
}
